
Microsoft Visual Studio Solution File, Format Version 12.00
# Visual Studio Version 16
VisualStudioVersion = 16.0.31025.218
MinimumVisualStudioVersion = 10.0.40219.1
Project("{9A19103F-16F7-4668-BE54-9A1E7A4F7556}") = "Fluxor.Persist", "Fluxor.Persist\Fluxor.Persist.csproj", "{4936C173-7AFC-4B03-BE4F-8C9A9F11C67B}"
EndProject
Project("{9A19103F-16F7-4668-BE54-9A1E7A4F7556}") = "Fluxor.Persist.Sample", "Fluxor.Persist.Sample\Fluxor.Persist.Sample.csproj", "{295B4819-DCA7-4EF4-8CCA-FD513CD78FB8}"
EndProject
Global
	GlobalSection(SolutionConfigurationPlatforms) = preSolution
		Debug|Any CPU = Debug|Any CPU
		Release|Any CPU = Release|Any CPU
	EndGlobalSection
	GlobalSection(ProjectConfigurationPlatforms) = postSolution
		{4936C173-7AFC-4B03-BE4F-8C9A9F11C67B}.Debug|Any CPU.ActiveCfg = Debug|Any CPU
		{4936C173-7AFC-4B03-BE4F-8C9A9F11C67B}.Debug|Any CPU.Build.0 = Debug|Any CPU
		{4936C173-7AFC-4B03-BE4F-8C9A9F11C67B}.Release|Any CPU.ActiveCfg = Release|Any CPU
		{4936C173-7AFC-4B03-BE4F-8C9A9F11C67B}.Release|Any CPU.Build.0 = Release|Any CPU
		{295B4819-DCA7-4EF4-8CCA-FD513CD78FB8}.Debug|Any CPU.ActiveCfg = Debug|Any CPU
		{295B4819-DCA7-4EF4-8CCA-FD513CD78FB8}.Debug|Any CPU.Build.0 = Debug|Any CPU
		{295B4819-DCA7-4EF4-8CCA-FD513CD78FB8}.Release|Any CPU.ActiveCfg = Release|Any CPU
		{295B4819-DCA7-4EF4-8CCA-FD513CD78FB8}.Release|Any CPU.Build.0 = Release|Any CPU
	EndGlobalSection
	GlobalSection(SolutionProperties) = preSolution
		HideSolutionNode = FALSE
	EndGlobalSection
	GlobalSection(ExtensibilityGlobals) = postSolution
		SolutionGuid = {F3F35908-56E1-4724-A5D9-FFEEF0F2C3F5}
	EndGlobalSection
EndGlobal
